
Microsoft Visual Studio Solution File, Format Version 12.00
# Visual Studio 15
VisualStudioVersion = 15.0.28307.572
MinimumVisualStudioVersion = 10.0.40219.1
Project("{9A19103F-16F7-4668-BE54-9A1E7A4F7556}") = "Tests", "Tests\Tests.csproj", "{61B7A004-D22D-4F4A-908F-F050AEB4E308}"
EndProject
Project("{9A19103F-16F7-4668-BE54-9A1E7A4F7556}") = "AzureMongoRepository", "src\AzureMongoRepository.csproj", "{C49B791D-9FE7-41C5-BFF6-E19569136DD8}"
EndProject
Global
	GlobalSection(SolutionConfigurationPlatforms) = preSolution
		Debug|Any CPU = Debug|Any CPU
		Release|Any CPU = Release|Any CPU
	EndGlobalSection
	GlobalSection(ProjectConfigurationPlatforms) = postSolution
		{61B7A004-D22D-4F4A-908F-F050AEB4E308}.Debug|Any CPU.ActiveCfg = Debug|Any CPU
		{61B7A004-D22D-4F4A-908F-F050AEB4E308}.Debug|Any CPU.Build.0 = Debug|Any CPU
		{61B7A004-D22D-4F4A-908F-F050AEB4E308}.Release|Any CPU.ActiveCfg = Release|Any CPU
		{61B7A004-D22D-4F4A-908F-F050AEB4E308}.Release|Any CPU.Build.0 = Release|Any CPU
		{C49B791D-9FE7-41C5-BFF6-E19569136DD8}.Debug|Any CPU.ActiveCfg = Debug|Any CPU
		{C49B791D-9FE7-41C5-BFF6-E19569136DD8}.Debug|Any CPU.Build.0 = Debug|Any CPU
		{C49B791D-9FE7-41C5-BFF6-E19569136DD8}.Release|Any CPU.ActiveCfg = Release|Any CPU
		{C49B791D-9FE7-41C5-BFF6-E19569136DD8}.Release|Any CPU.Build.0 = Release|Any CPU
	EndGlobalSection
	GlobalSection(SolutionProperties) = preSolution
		HideSolutionNode = FALSE
	EndGlobalSection
	GlobalSection(ExtensibilityGlobals) = postSolution
		SolutionGuid = {24A760C7-C617-4400-BD6A-4B8C36D12EBF}
	EndGlobalSection
EndGlobal
